
Microsoft Visual Studio Solution File, Format Version 12.00
# Visual Studio Version 16
VisualStudioVersion = 16.0.30717.126
MinimumVisualStudioVersion = 10.0.40219.1
Project("{FAE04EC0-301F-11D3-BF4B-00C04F79EFBC}") = "Sales", "Sales\Sales.csproj", "{A961E377-C602-46B6-A692-179B565E91E7}"
EndProject
Project("{FAE04EC0-301F-11D3-BF4B-00C04F79EFBC}") = "Entity", "Entity\Entity.csproj", "{553CBA30-A794-4184-B90F-32AE892E681C}"
EndProject
Project("{FAE04EC0-301F-11D3-BF4B-00C04F79EFBC}") = "BLL", "BLL\BLL.csproj", "{1CFEB2E2-4A64-4E21-99C8-694EE90FC041}"
EndProject
Project("{FAE04EC0-301F-11D3-BF4B-00C04F79EFBC}") = "DAL", "DAL\DAL.csproj", "{5621E3E7-3E55-4C88-8BA0-00A91E03F7FC}"
EndProject
Global
	GlobalSection(SolutionConfigurationPlatforms) = preSolution
		Debug|Any CPU = Debug|Any CPU
		Release|Any CPU = Release|Any CPU
	EndGlobalSection
	GlobalSection(ProjectConfigurationPlatforms) = postSolution
		{A961E377-C602-46B6-A692-179B565E91E7}.Debug|Any CPU.ActiveCfg = Debug|Any CPU
		{A961E377-C602-46B6-A692-179B565E91E7}.Debug|Any CPU.Build.0 = Debug|Any CPU
		{A961E377-C602-46B6-A692-179B565E91E7}.Release|Any CPU.ActiveCfg = Release|Any CPU
		{A961E377-C602-46B6-A692-179B565E91E7}.Release|Any CPU.Build.0 = Release|Any CPU
		{553CBA30-A794-4184-B90F-32AE892E681C}.Debug|Any CPU.ActiveCfg = Debug|Any CPU
		{553CBA30-A794-4184-B90F-32AE892E681C}.Debug|Any CPU.Build.0 = Debug|Any CPU
		{553CBA30-A794-4184-B90F-32AE892E681C}.Release|Any CPU.ActiveCfg = Release|Any CPU
		{553CBA30-A794-4184-B90F-32AE892E681C}.Release|Any CPU.Build.0 = Release|Any CPU
		{1CFEB2E2-4A64-4E21-99C8-694EE90FC041}.Debug|Any CPU.ActiveCfg = Debug|Any CPU
		{1CFEB2E2-4A64-4E21-99C8-694EE90FC041}.Debug|Any CPU.Build.0 = Debug|Any CPU
		{1CFEB2E2-4A64-4E21-99C8-694EE90FC041}.Release|Any CPU.ActiveCfg = Release|Any CPU
		{1CFEB2E2-4A64-4E21-99C8-694EE90FC041}.Release|Any CPU.Build.0 = Release|Any CPU
		{5621E3E7-3E55-4C88-8BA0-00A91E03F7FC}.Debug|Any CPU.ActiveCfg = Debug|Any CPU
		{5621E3E7-3E55-4C88-8BA0-00A91E03F7FC}.Debug|Any CPU.Build.0 = Debug|Any CPU
		{5621E3E7-3E55-4C88-8BA0-00A91E03F7FC}.Release|Any CPU.ActiveCfg = Release|Any CPU
		{5621E3E7-3E55-4C88-8BA0-00A91E03F7FC}.Release|Any CPU.Build.0 = Release|Any CPU
	EndGlobalSection
	GlobalSection(SolutionProperties) = preSolution
		HideSolutionNode = FALSE
	EndGlobalSection
	GlobalSection(ExtensibilityGlobals) = postSolution
		SolutionGuid = {21FD8C9C-E4E2-4B66-9832-51DE215295E2}
	EndGlobalSection
EndGlobal
